// !$*UTF8*$!
{
	archiveVersion = 1;
	classes = {
	};
	objectVersion = 51;
	objects = {

/* Begin PBXBuildFile section */
		19A3BA53278710820027386F /* AppDelegate.m in Sources */ = {isa = PBXBuildFile; fileRef = 19A3BA52278710820027386F /* AppDelegate.m */; };
		19A3BA64278710830027386F /* main.m in Sources */ = {isa = PBXBuildFile; fileRef = 19A3BA63278710830027386F /* main.m */; };
		19A3BA6E278710830027386F /* SimpleCameraTests.m in Sources */ = {isa = PBXBuildFile; fileRef = 19A3BA6D278710830027386F /* SimpleCameraTests.m */; };
		19A3BA79278710840027386F /* SimpleCameraUITests.m in Sources */ = {isa = PBXBuildFile; fileRef = 19A3BA78278710840027386F /* SimpleCameraUITests.m */; };
		19A3BACC278716410027386F /* SCCameraViewController.m in Sources */ = {isa = PBXBuildFile; fileRef = 19A3BACB278716410027386F /* SCCameraViewController.m */; };
		19A3BAD12787164B0027386F /* SCViewController.m in Sources */ = {isa = PBXBuildFile; fileRef = 19A3BAD02787164B0027386F /* SCViewController.m */; };
		19A3BAE6278719A10027386F /* SplitFilterMaterials.plist in Resources */ = {isa = PBXBuildFile; fileRef = 19A3BADB278719A10027386F /* SplitFilterMaterials.plist */; };
		19A3BAE7278719A10027386F /* FaceRecognizerMaterials.plist in Resources */ = {isa = PBXBuildFile; fileRef = 19A3BADC278719A10027386F /* FaceRecognizerMaterials.plist */; };
		19A3BAE8278719A10027386F /* TikTokFilterMaterials.plist in Resources */ = {isa = PBXBuildFile; fileRef = 19A3BADD278719A10027386F /* TikTokFilterMaterials.plist */; };
		19A3BAE9278719A10027386F /* DefaultFilterMaterials.plist in Resources */ = {isa = PBXBuildFile; fileRef = 19A3BADE278719A10027386F /* DefaultFilterMaterials.plist */; };
		19A3BAEA278719A10027386F /* Contents.json in Resources */ = {isa = PBXBuildFile; fileRef = 19A3BAE1278719A10027386F /* Contents.json */; };
		19A3BAEB278719A10027386F /* icon_app_launch@2x.png in Resources */ = {isa = PBXBuildFile; fileRef = 19A3BAE2278719A10027386F /* icon_app_launch@2x.png */; };
		19A3BAEC278719A10027386F /* icon_app_launch@3x.png in Resources */ = {isa = PBXBuildFile; fileRef = 19A3BAE3278719A10027386F /* icon_app_launch@3x.png */; };
		19A3BAED278719A10027386F /* filter_sample_face_feature.jpg in Resources */ = {isa = PBXBuildFile; fileRef = 19A3BAE4278719A10027386F /* filter_sample_face_feature.jpg */; };
		19A3BAEE278719A10027386F /* filter_sample.jpg in Resources */ = {isa = PBXBuildFile; fileRef = 19A3BAE5278719A10027386F /* filter_sample.jpg */; };
		19A3BAFA27871B9D0027386F /* Assets.xcassets in Resources */ = {isa = PBXBuildFile; fileRef = 19A3BAD2278717270027386F /* Assets.xcassets */; };
		19A3BB1E2788514E0027386F /* SCCameraManager.m in Sources */ = {isa = PBXBuildFile; fileRef = 19A3BB1D2788514E0027386F /* SCCameraManager.m */; };
		19A3BB2427885C850027386F /* SCCameraViewController+Private.m in Sources */ = {isa = PBXBuildFile; fileRef = 19A3BB2327885C850027386F /* SCCameraViewController+Private.m */; };
		19A3BB2727885C990027386F /* SCCameraViewController+UI.m in Sources */ = {isa = PBXBuildFile; fileRef = 19A3BB2627885C990027386F /* SCCameraViewController+UI.m */; };
		19A3BB2A27885CAF0027386F /* SCCameraViewController+TakePhoto.m in Sources */ = {isa = PBXBuildFile; fileRef = 19A3BB2927885CAF0027386F /* SCCameraViewController+TakePhoto.m */; };
		19A3BB3027885D260027386F /* SCCapturingButton.m in Sources */ = {isa = PBXBuildFile; fileRef = 19A3BB2E27885D260027386F /* SCCapturingButton.m */; };
		19A3BB33278862C80027386F /* SCCameraViewController+Filter.m in Sources */ = {isa = PBXBuildFile; fileRef = 19A3BB32278862C80027386F /* SCCameraViewController+Filter.m */; };
		19A3BB38278863F10027386F /* SCPhotoResultViewController.m in Sources */ = {isa = PBXBuildFile; fileRef = 19A3BB37278863F10027386F /* SCPhotoResultViewController.m */; };
		309787DDC67EAD8D8208C37F /* libPods-SimpleCamera.a in Frameworks */ = {isa = PBXBuildFile; fileRef = 26E0C4317EC291AE5E852FCB /* libPods-SimpleCamera.a */; };
		502522782788766B0060AB1F /* SCPhotoResultViewController+Private.m in Sources */ = {isa = PBXBuildFile; fileRef = 502522742788766B0060AB1F /* SCPhotoResultViewController+Private.m */; };
		502522792788766B0060AB1F /* SCPhotoResultViewController+UI.m in Sources */ = {isa = PBXBuildFile; fileRef = 502522772788766B0060AB1F /* SCPhotoResultViewController+UI.m */; };
		502AF8A927872CB4000CBB12 /* LaunchScreen.storyboard in Resources */ = {isa = PBXBuildFile; fileRef = 502AF8A527872CB4000CBB12 /* LaunchScreen.storyboard */; };
		504AB41527D6385000A05DDD /* SCGPUImageMovieWriter.m in Sources */ = {isa = PBXBuildFile; fileRef = 504AB41427D6385000A05DDD /* SCGPUImageMovieWriter.m */; };
		504AB41827D63A6C00A05DDD /* GPUImageMovieWriter+BugFix.m in Sources */ = {isa = PBXBuildFile; fileRef = 504AB41727D63A6C00A05DDD /* GPUImageMovieWriter+BugFix.m */; };
		504AB41C27D6413F00A05DDD /* GPUImageBeautifyFilter.m in Sources */ = {isa = PBXBuildFile; fileRef = 504AB41B27D6413E00A05DDD /* GPUImageBeautifyFilter.m */; };
		504AB41F27DD8E2D00A05DDD /* SCFilterHandler.m in Sources */ = {isa = PBXBuildFile; fileRef = 504AB41E27DD8E2D00A05DDD /* SCFilterHandler.m */; };
		504AB42227DDE3D100A05DDD /* SCFilterCategoryCell.m in Sources */ = {isa = PBXBuildFile; fileRef = 504AB42127DDE3D100A05DDD /* SCFilterCategoryCell.m */; };
		504AB42527DDE3ED00A05DDD /* SCFilterCategoryView.m in Sources */ = {isa = PBXBuildFile; fileRef = 504AB42427DDE3ED00A05DDD /* SCFilterCategoryView.m */; };
		504AB43027DF67E300A05DDD /* SCGPUImageBaseFilter.m in Sources */ = {isa = PBXBuildFile; fileRef = 504AB42E27DF67E300A05DDD /* SCGPUImageBaseFilter.m */; };
		504AB43E27DF67E800A05DDD /* SCGPUImageShakeFilter.m in Sources */ = {isa = PBXBuildFile; fileRef = 504AB43727DF67E800A05DDD /* SCGPUImageShakeFilter.m */; };
		504AB43F27DF67E800A05DDD /* SCGPUImageVertigoFilter.m in Sources */ = {isa = PBXBuildFile; fileRef = 504AB43827DF67E800A05DDD /* SCGPUImageVertigoFilter.m */; };
		504AB44027DF67E800A05DDD /* SCGPUImageSoulOutFilter.m in Sources */ = {isa = PBXBuildFile; fileRef = 504AB43927DF67E800A05DDD /* SCGPUImageSoulOutFilter.m */; };
		504AB44127DF67E800A05DDD /* SCGPUImageScaleFilter.m in Sources */ = {isa = PBXBuildFile; fileRef = 504AB43A27DF67E800A05DDD /* SCGPUImageScaleFilter.m */; };
		504AB44227DF67E800A05DDD /* SCGPUImageGlitchFilter.m in Sources */ = {isa = PBXBuildFile; fileRef = 504AB43C27DF67E800A05DDD /* SCGPUImageGlitchFilter.m */; };
		504AB44327DF67E800A05DDD /* SCGPUImageShineWhiteFilter.m in Sources */ = {isa = PBXBuildFile; fileRef = 504AB43D27DF67E800A05DDD /* SCGPUImageShineWhiteFilter.m */; };
		509FBA2827CF9CF9002D0E64 /* SCAssetHelper.m in Sources */ = {isa = PBXBuildFile; fileRef = 509FBA2727CF9CF9002D0E64 /* SCAssetHelper.m */; };
		50B5DCD127B7712A00200CCF /* SCCameraTopView.m in Sources */ = {isa = PBXBuildFile; fileRef = 50B5DCD027B7712A00200CCF /* SCCameraTopView.m */; };
		50B5DCD527B7793800200CCF /* SCFileHelper.m in Sources */ = {isa = PBXBuildFile; fileRef = 50B5DCD327B7793800200CCF /* SCFileHelper.m */; };
		50B5DCD827B783C500200CCF /* SCCameraViewController+RecordVideo.m in Sources */ = {isa = PBXBuildFile; fileRef = 50B5DCD727B783C500200CCF /* SCCameraViewController+RecordVideo.m */; };
		50B5DCE127B7852300200CCF /* SCVideoResultViewController.m in Sources */ = {isa = PBXBuildFile; fileRef = 50B5DCDB27B7852300200CCF /* SCVideoResultViewController.m */; };
		50B5DCE227B7852300200CCF /* SCVideoResultViewController+Private.m in Sources */ = {isa = PBXBuildFile; fileRef = 50B5DCDD27B7852300200CCF /* SCVideoResultViewController+Private.m */; };
		50B5DCE327B7852300200CCF /* SCVideoResultViewController+UI.m in Sources */ = {isa = PBXBuildFile; fileRef = 50B5DCDE27B7852300200CCF /* SCVideoResultViewController+UI.m */; };
		50B5DCE627B78D7300200CCF /* SCVideoModel.m in Sources */ = {isa = PBXBuildFile; fileRef = 50B5DCE527B78D7300200CCF /* SCVideoModel.m */; };
		50B5DCE927B79C1600200CCF /* SCCapturingModeSwitchView.m in Sources */ = {isa = PBXBuildFile; fileRef = 50B5DCE727B79C1500200CCF /* SCCapturingModeSwitchView.m */; };
		50B5DCED27B7A12B00200CCF /* UIView+Extention.m in Sources */ = {isa = PBXBuildFile; fileRef = 50B5DCEC27B7A12B00200CCF /* UIView+Extention.m */; };
		50CF75E7278F0D3F00415211 /* SCFilterMaterialModel.m in Sources */ = {isa = PBXBuildFile; fileRef = 50CF75E5278F0D3F00415211 /* SCFilterMaterialModel.m */; };
		50CF75EA278F0D9600415211 /* SCFilterManager.m in Sources */ = {isa = PBXBuildFile; fileRef = 50CF75E9278F0D9600415211 /* SCFilterManager.m */; };
		50CF75F1278F0EE000415211 /* SCFilterBarView.m in Sources */ = {isa = PBXBuildFile; fileRef = 50CF75EB278F0EE000415211 /* SCFilterBarView.m */; };
		50CF75F2278F0EE000415211 /* SCFilterMaterialView.m in Sources */ = {isa = PBXBuildFile; fileRef = 50CF75ED278F0EE000415211 /* SCFilterMaterialView.m */; };
		50CF75F3278F0EE000415211 /* SCFilterMaterialViewCell.m in Sources */ = {isa = PBXBuildFile; fileRef = 50CF75F0278F0EE000415211 /* SCFilterMaterialViewCell.m */; };
		50CF75F7278F0FD800415211 /* SCFilterHelper.m in Sources */ = {isa = PBXBuildFile; fileRef = 50CF75F5278F0FD800415211 /* SCFilterHelper.m */; };
/* End PBXBuildFile section */

/* Begin PBXContainerItemProxy section */
		19A3BA6A278710830027386F /* PBXContainerItemProxy */ = {
			isa = PBXContainerItemProxy;
			containerPortal = 19A3BA46278710820027386F /* Project object */;
			proxyType = 1;
			remoteGlobalIDString = 19A3BA4D278710820027386F;
			remoteInfo = SimpleCamera;
		};
		19A3BA75278710840027386F /* PBXContainerItemProxy */ = {
			isa = PBXContainerItemProxy;
			containerPortal = 19A3BA46278710820027386F /* Project object */;
			proxyType = 1;
			remoteGlobalIDString = 19A3BA4D278710820027386F;
			remoteInfo = SimpleCamera;
		};
/* End PBXContainerItemProxy section */

/* Begin PBXFileReference section */
		0D24573C5759E2E3D3660B0B /* Pods-SimpleCamera.debug.xcconfig */ = {isa = PBXFileReference; includeInIndex = 1; lastKnownFileType = text.xcconfig; name = "Pods-SimpleCamera.debug.xcconfig"; path = "Target Support Files/Pods-SimpleCamera/Pods-SimpleCamera.debug.xcconfig"; sourceTree = "<group>"; };
		19A3BA4E278710820027386F /* SimpleCamera.app */ = {isa = PBXFileReference; explicitFileType = wrapper.application; includeInIndex = 0; path = SimpleCamera.app; sourceTree = BUILT_PRODUCTS_DIR; };
		19A3BA51278710820027386F /* AppDelegate.h */ = {isa = PBXFileReference; lastKnownFileType = sourcecode.c.h; path = AppDelegate.h; sourceTree = "<group>"; };
		19A3BA52278710820027386F /* AppDelegate.m */ = {isa = PBXFileReference; lastKnownFileType = sourcecode.c.objc; path = AppDelegate.m; sourceTree = "<group>"; };
		19A3BA63278710830027386F /* main.m */ = {isa = PBXFileReference; lastKnownFileType = sourcecode.c.objc; path = main.m; sourceTree = "<group>"; };
		19A3BA69278710830027386F /* SimpleCameraTests.xctest */ = {isa = PBXFileReference; explicitFileType = wrapper.cfbundle; includeInIndex = 0; path = SimpleCameraTests.xctest; sourceTree = BUILT_PRODUCTS_DIR; };
		19A3BA6D278710830027386F /* SimpleCameraTests.m */ = {isa = PBXFileReference; lastKnownFileType = sourcecode.c.objc; path = SimpleCameraTests.m; sourceTree = "<group>"; };
		19A3BA6F278710830027386F /* Info.plist */ = {isa = PBXFileReference; lastKnownFileType = text.plist.xml; path = Info.plist; sourceTree = "<group>"; };
		19A3BA74278710840027386F /* SimpleCameraUITests.xctest */ = {isa = PBXFileReference; explicitFileType = wrapper.cfbundle; includeInIndex = 0; path = SimpleCameraUITests.xctest; sourceTree = BUILT_PRODUCTS_DIR; };
		19A3BA78278710840027386F /* SimpleCameraUITests.m */ = {isa = PBXFileReference; lastKnownFileType = sourcecode.c.objc; path = SimpleCameraUITests.m; sourceTree = "<group>"; };
		19A3BA7A278710840027386F /* Info.plist */ = {isa = PBXFileReference; lastKnownFileType = text.plist.xml; path = Info.plist; sourceTree = "<group>"; };
		19A3BACA278716410027386F /* SCCameraViewController.h */ = {isa = PBXFileReference; fileEncoding = 4; lastKnownFileType = sourcecode.c.h; path = SCCameraViewController.h; sourceTree = "<group>"; };
		19A3BACB278716410027386F /* SCCameraViewController.m */ = {isa = PBXFileReference; fileEncoding = 4; lastKnownFileType = sourcecode.c.objc; path = SCCameraViewController.m; sourceTree = "<group>"; };
		19A3BACF2787164B0027386F /* SCViewController.h */ = {isa = PBXFileReference; fileEncoding = 4; lastKnownFileType = sourcecode.c.h; path = SCViewController.h; sourceTree = "<group>"; };
		19A3BAD02787164B0027386F /* SCViewController.m */ = {isa = PBXFileReference; fileEncoding = 4; lastKnownFileType = sourcecode.c.objc; path = SCViewController.m; sourceTree = "<group>"; };
		19A3BAD2278717270027386F /* Assets.xcassets */ = {isa = PBXFileReference; lastKnownFileType = folder.assetcatalog; path = Assets.xcassets; sourceTree = "<group>"; };
		19A3BADB278719A10027386F /* SplitFilterMaterials.plist */ = {isa = PBXFileReference; fileEncoding = 4; lastKnownFileType = text.plist.xml; path = SplitFilterMaterials.plist; sourceTree = "<group>"; };
		19A3BADC278719A10027386F /* FaceRecognizerMaterials.plist */ = {isa = PBXFileReference; fileEncoding = 4; lastKnownFileType = text.plist.xml; path = FaceRecognizerMaterials.plist; sourceTree = "<group>"; };
		19A3BADD278719A10027386F /* TikTokFilterMaterials.plist */ = {isa = PBXFileReference; fileEncoding = 4; lastKnownFileType = text.plist.xml; path = TikTokFilterMaterials.plist; sourceTree = "<group>"; };
		19A3BADE278719A10027386F /* DefaultFilterMaterials.plist */ = {isa = PBXFileReference; fileEncoding = 4; lastKnownFileType = text.plist.xml; path = DefaultFilterMaterials.plist; sourceTree = "<group>"; };
		19A3BAE1278719A10027386F /* Contents.json */ = {isa = PBXFileReference; fileEncoding = 4; lastKnownFileType = text.json; path = Contents.json; sourceTree = "<group>"; };
		19A3BAE2278719A10027386F /* icon_app_launch@2x.png */ = {isa = PBXFileReference; lastKnownFileType = image.png; path = "icon_app_launch@2x.png"; sourceTree = "<group>"; };
		19A3BAE3278719A10027386F /* icon_app_launch@3x.png */ = {isa = PBXFileReference; lastKnownFileType = image.png; path = "icon_app_launch@3x.png"; sourceTree = "<group>"; };
		19A3BAE4278719A10027386F /* filter_sample_face_feature.jpg */ = {isa = PBXFileReference; lastKnownFileType = image.jpeg; path = filter_sample_face_feature.jpg; sourceTree = "<group>"; };
		19A3BAE5278719A10027386F /* filter_sample.jpg */ = {isa = PBXFileReference; lastKnownFileType = image.jpeg; path = filter_sample.jpg; sourceTree = "<group>"; };
		19A3BB17278723800027386F /* Info.plist */ = {isa = PBXFileReference; lastKnownFileType = text.plist.xml; name = Info.plist; path = SimpleCamera/Info.plist; sourceTree = SOURCE_ROOT; };
		19A3BB1C278851480027386F /* SCCameraManager.h */ = {isa = PBXFileReference; lastKnownFileType = sourcecode.c.h; path = SCCameraManager.h; sourceTree = "<group>"; };
		19A3BB1D2788514E0027386F /* SCCameraManager.m */ = {isa = PBXFileReference; fileEncoding = 4; lastKnownFileType = sourcecode.c.objc; path = SCCameraManager.m; sourceTree = "<group>"; };
		19A3BB2227885C850027386F /* SCCameraViewController+Private.h */ = {isa = PBXFileReference; lastKnownFileType = sourcecode.c.h; path = "SCCameraViewController+Private.h"; sourceTree = "<group>"; };
		19A3BB2327885C850027386F /* SCCameraViewController+Private.m */ = {isa = PBXFileReference; lastKnownFileType = sourcecode.c.objc; path = "SCCameraViewController+Private.m"; sourceTree = "<group>"; };
		19A3BB2527885C990027386F /* SCCameraViewController+UI.h */ = {isa = PBXFileReference; lastKnownFileType = sourcecode.c.h; path = "SCCameraViewController+UI.h"; sourceTree = "<group>"; };
		19A3BB2627885C990027386F /* SCCameraViewController+UI.m */ = {isa = PBXFileReference; lastKnownFileType = sourcecode.c.objc; path = "SCCameraViewController+UI.m"; sourceTree = "<group>"; };
		19A3BB2827885CAF0027386F /* SCCameraViewController+TakePhoto.h */ = {isa = PBXFileReference; lastKnownFileType = sourcecode.c.h; path = "SCCameraViewController+TakePhoto.h"; sourceTree = "<group>"; };
		19A3BB2927885CAF0027386F /* SCCameraViewController+TakePhoto.m */ = {isa = PBXFileReference; lastKnownFileType = sourcecode.c.objc; path = "SCCameraViewController+TakePhoto.m"; sourceTree = "<group>"; };
		19A3BB2C27885D1B0027386F /* SCCapturingButton.h */ = {isa = PBXFileReference; fileEncoding = 4; lastKnownFileType = sourcecode.c.h; name = SCCapturingButton.h; path = SimpleCamera/Camera/View/SCCapturingButton.h; sourceTree = SOURCE_ROOT; };
		19A3BB2E27885D260027386F /* SCCapturingButton.m */ = {isa = PBXFileReference; fileEncoding = 4; lastKnownFileType = sourcecode.c.objc; name = SCCapturingButton.m; path = SimpleCamera/Camera/View/SCCapturingButton.m; sourceTree = SOURCE_ROOT; };
		19A3BB31278862C80027386F /* SCCameraViewController+Filter.h */ = {isa = PBXFileReference; lastKnownFileType = sourcecode.c.h; path = "SCCameraViewController+Filter.h"; sourceTree = "<group>"; };
		19A3BB32278862C80027386F /* SCCameraViewController+Filter.m */ = {isa = PBXFileReference; lastKnownFileType = sourcecode.c.objc; path = "SCCameraViewController+Filter.m"; sourceTree = "<group>"; };
		19A3BB36278863F10027386F /* SCPhotoResultViewController.h */ = {isa = PBXFileReference; fileEncoding = 4; lastKnownFileType = sourcecode.c.h; path = SCPhotoResultViewController.h; sourceTree = "<group>"; };
		19A3BB37278863F10027386F /* SCPhotoResultViewController.m */ = {isa = PBXFileReference; fileEncoding = 4; lastKnownFileType = sourcecode.c.objc; path = SCPhotoResultViewController.m; sourceTree = "<group>"; };
		26E0C4317EC291AE5E852FCB /* libPods-SimpleCamera.a */ = {isa = PBXFileReference; explicitFileType = archive.ar; includeInIndex = 0; path = "libPods-SimpleCamera.a"; sourceTree = BUILT_PRODUCTS_DIR; };
		502522742788766B0060AB1F /* SCPhotoResultViewController+Private.m */ = {isa = PBXFileReference; fileEncoding = 4; lastKnownFileType = sourcecode.c.objc; path = "SCPhotoResultViewController+Private.m"; sourceTree = "<group>"; };
		502522752788766B0060AB1F /* SCPhotoResultViewController+UI.h */ = {isa = PBXFileReference; fileEncoding = 4; lastKnownFileType = sourcecode.c.h; path = "SCPhotoResultViewController+UI.h"; sourceTree = "<group>"; };
		502522762788766B0060AB1F /* SCPhotoResultViewController+Private.h */ = {isa = PBXFileReference; fileEncoding = 4; lastKnownFileType = sourcecode.c.h; path = "SCPhotoResultViewController+Private.h"; sourceTree = "<group>"; };
		502522772788766B0060AB1F /* SCPhotoResultViewController+UI.m */ = {isa = PBXFileReference; fileEncoding = 4; lastKnownFileType = sourcecode.c.objc; path = "SCPhotoResultViewController+UI.m"; sourceTree = "<group>"; };
		5025227B278879B20060AB1F /* metamacros.h */ = {isa = PBXFileReference; fileEncoding = 4; lastKnownFileType = sourcecode.c.h; path = metamacros.h; sourceTree = "<group>"; };
		5025227C278879B20060AB1F /* EXTScope.h */ = {isa = PBXFileReference; fileEncoding = 4; lastKnownFileType = sourcecode.c.h; path = EXTScope.h; sourceTree = "<group>"; };
		5025227D27887A670060AB1F /* SimpleCamera-Prefix.pch */ = {isa = PBXFileReference; fileEncoding = 4; lastKnownFileType = sourcecode.c.h; path = "SimpleCamera-Prefix.pch"; sourceTree = "<group>"; };
		502AF8A627872CB4000CBB12 /* Base */ = {isa = PBXFileReference; lastKnownFileType = file.storyboard; name = Base; path = LaunchScreen.storyboard; sourceTree = "<group>"; };
		504AB41327D6385000A05DDD /* SCGPUImageMovieWriter.h */ = {isa = PBXFileReference; fileEncoding = 4; lastKnownFileType = sourcecode.c.h; path = SCGPUImageMovieWriter.h; sourceTree = "<group>"; };
		504AB41427D6385000A05DDD /* SCGPUImageMovieWriter.m */ = {isa = PBXFileReference; fileEncoding = 4; lastKnownFileType = sourcecode.c.objc; path = SCGPUImageMovieWriter.m; sourceTree = "<group>"; };
		504AB41627D63A6C00A05DDD /* GPUImageMovieWriter+BugFix.h */ = {isa = PBXFileReference; lastKnownFileType = sourcecode.c.h; path = "GPUImageMovieWriter+BugFix.h"; sourceTree = "<group>"; };
		504AB41727D63A6C00A05DDD /* GPUImageMovieWriter+BugFix.m */ = {isa = PBXFileReference; lastKnownFileType = sourcecode.c.objc; path = "GPUImageMovieWriter+BugFix.m"; sourceTree = "<group>"; };
		504AB41A27D6413E00A05DDD /* GPUImageBeautifyFilter.h */ = {isa = PBXFileReference; fileEncoding = 4; lastKnownFileType = sourcecode.c.h; path = GPUImageBeautifyFilter.h; sourceTree = "<group>"; };
		504AB41B27D6413E00A05DDD /* GPUImageBeautifyFilter.m */ = {isa = PBXFileReference; fileEncoding = 4; lastKnownFileType = sourcecode.c.objc; path = GPUImageBeautifyFilter.m; sourceTree = "<group>"; };
		504AB41D27DD8E2D00A05DDD /* SCFilterHandler.h */ = {isa = PBXFileReference; fileEncoding = 4; lastKnownFileType = sourcecode.c.h; path = SCFilterHandler.h; sourceTree = "<group>"; };
		504AB41E27DD8E2D00A05DDD /* SCFilterHandler.m */ = {isa = PBXFileReference; fileEncoding = 4; lastKnownFileType = sourcecode.c.objc; path = SCFilterHandler.m; sourceTree = "<group>"; };
		504AB42027DDE3D100A05DDD /* SCFilterCategoryCell.h */ = {isa = PBXFileReference; fileEncoding = 4; lastKnownFileType = sourcecode.c.h; path = SCFilterCategoryCell.h; sourceTree = "<group>"; };
		504AB42127DDE3D100A05DDD /* SCFilterCategoryCell.m */ = {isa = PBXFileReference; fileEncoding = 4; lastKnownFileType = sourcecode.c.objc; path = SCFilterCategoryCell.m; sourceTree = "<group>"; };
		504AB42327DDE3ED00A05DDD /* SCFilterCategoryView.h */ = {isa = PBXFileReference; fileEncoding = 4; lastKnownFileType = sourcecode.c.h; path = SCFilterCategoryView.h; sourceTree = "<group>"; };
		504AB42427DDE3ED00A05DDD /* SCFilterCategoryView.m */ = {isa = PBXFileReference; fileEncoding = 4; lastKnownFileType = sourcecode.c.objc; path = SCFilterCategoryView.m; sourceTree = "<group>"; };
		504AB42E27DF67E300A05DDD /* SCGPUImageBaseFilter.m */ = {isa = PBXFileReference; fileEncoding = 4; lastKnownFileType = sourcecode.c.objc; path = SCGPUImageBaseFilter.m; sourceTree = "<group>"; };
		504AB42F27DF67E300A05DDD /* SCGPUImageBaseFilter.h */ = {isa = PBXFileReference; fileEncoding = 4; lastKnownFileType = sourcecode.c.h; path = SCGPUImageBaseFilter.h; sourceTree = "<group>"; };
		504AB43227DF67E800A05DDD /* SCGPUImageVertigoFilter.h */ = {isa = PBXFileReference; fileEncoding = 4; lastKnownFileType = sourcecode.c.h; path = SCGPUImageVertigoFilter.h; sourceTree = "<group>"; };
		504AB43327DF67E800A05DDD /* SCGPUImageScaleFilter.h */ = {isa = PBXFileReference; fileEncoding = 4; lastKnownFileType = sourcecode.c.h; path = SCGPUImageScaleFilter.h; sourceTree = "<group>"; };
		504AB43427DF67E800A05DDD /* SCGPUImageSoulOutFilter.h */ = {isa = PBXFileReference; fileEncoding = 4; lastKnownFileType = sourcecode.c.h; path = SCGPUImageSoulOutFilter.h; sourceTree = "<group>"; };
		504AB43527DF67E800A05DDD /* SCGPUImageShineWhiteFilter.h */ = {isa = PBXFileReference; fileEncoding = 4; lastKnownFileType = sourcecode.c.h; path = SCGPUImageShineWhiteFilter.h; sourceTree = "<group>"; };
		504AB43627DF67E800A05DDD /* SCGPUImageGlitchFilter.h */ = {isa = PBXFileReference; fileEncoding = 4; lastKnownFileType = sourcecode.c.h; path = SCGPUImageGlitchFilter.h; sourceTree = "<group>"; };
		504AB43727DF67E800A05DDD /* SCGPUImageShakeFilter.m */ = {isa = PBXFileReference; fileEncoding = 4; lastKnownFileType = sourcecode.c.objc; path = SCGPUImageShakeFilter.m; sourceTree = "<group>"; };
		504AB43827DF67E800A05DDD /* SCGPUImageVertigoFilter.m */ = {isa = PBXFileReference; fileEncoding = 4; lastKnownFileType = sourcecode.c.objc; path = SCGPUImageVertigoFilter.m; sourceTree = "<group>"; };
		504AB43927DF67E800A05DDD /* SCGPUImageSoulOutFilter.m */ = {isa = PBXFileReference; fileEncoding = 4; lastKnownFileType = sourcecode.c.objc; path = SCGPUImageSoulOutFilter.m; sourceTree = "<group>"; };
		504AB43A27DF67E800A05DDD /* SCGPUImageScaleFilter.m */ = {isa = PBXFileReference; fileEncoding = 4; lastKnownFileType = sourcecode.c.objc; path = SCGPUImageScaleFilter.m; sourceTree = "<group>"; };
		504AB43B27DF67E800A05DDD /* SCGPUImageShakeFilter.h */ = {isa = PBXFileReference; fileEncoding = 4; lastKnownFileType = sourcecode.c.h; path = SCGPUImageShakeFilter.h; sourceTree = "<group>"; };
		504AB43C27DF67E800A05DDD /* SCGPUImageGlitchFilter.m */ = {isa = PBXFileReference; fileEncoding = 4; lastKnownFileType = sourcecode.c.objc; path = SCGPUImageGlitchFilter.m; sourceTree = "<group>"; };
		504AB43D27DF67E800A05DDD /* SCGPUImageShineWhiteFilter.m */ = {isa = PBXFileReference; fileEncoding = 4; lastKnownFileType = sourcecode.c.objc; path = SCGPUImageShineWhiteFilter.m; sourceTree = "<group>"; };
		509FBA2627CF9CF9002D0E64 /* SCAssetHelper.h */ = {isa = PBXFileReference; fileEncoding = 4; lastKnownFileType = sourcecode.c.h; path = SCAssetHelper.h; sourceTree = "<group>"; };
		509FBA2727CF9CF9002D0E64 /* SCAssetHelper.m */ = {isa = PBXFileReference; fileEncoding = 4; lastKnownFileType = sourcecode.c.objc; path = SCAssetHelper.m; sourceTree = "<group>"; };
		50B5DCD027B7712A00200CCF /* SCCameraTopView.m */ = {isa = PBXFileReference; lastKnownFileType = sourcecode.c.objc; path = SCCameraTopView.m; sourceTree = "<group>"; };
		50B5DCD227B7717600200CCF /* SCCameraTopView.h */ = {isa = PBXFileReference; lastKnownFileType = sourcecode.c.h; path = SCCameraTopView.h; sourceTree = "<group>"; };
		50B5DCD327B7793800200CCF /* SCFileHelper.m */ = {isa = PBXFileReference; fileEncoding = 4; lastKnownFileType = sourcecode.c.objc; path = SCFileHelper.m; sourceTree = "<group>"; };
		50B5DCD427B7793800200CCF /* SCFileHelper.h */ = {isa = PBXFileReference; fileEncoding = 4; lastKnownFileType = sourcecode.c.h; path = SCFileHelper.h; sourceTree = "<group>"; };
		50B5DCD627B783B500200CCF /* SCCameraViewController+RecordVideo.h */ = {isa = PBXFileReference; lastKnownFileType = sourcecode.c.h; path = "SCCameraViewController+RecordVideo.h"; sourceTree = "<group>"; };
		50B5DCD727B783C500200CCF /* SCCameraViewController+RecordVideo.m */ = {isa = PBXFileReference; fileEncoding = 4; lastKnownFileType = sourcecode.c.objc; path = "SCCameraViewController+RecordVideo.m"; sourceTree = "<group>"; };
		50B5DCDB27B7852300200CCF /* SCVideoResultViewController.m */ = {isa = PBXFileReference; fileEncoding = 4; lastKnownFileType = sourcecode.c.objc; path = SCVideoResultViewController.m; sourceTree = "<group>"; };
		50B5DCDC27B7852300200CCF /* SCVideoResultViewController+UI.h */ = {isa = PBXFileReference; fileEncoding = 4; lastKnownFileType = sourcecode.c.h; path = "SCVideoResultViewController+UI.h"; sourceTree = "<group>"; };
		50B5DCDD27B7852300200CCF /* SCVideoResultViewController+Private.m */ = {isa = PBXFileReference; fileEncoding = 4; lastKnownFileType = sourcecode.c.objc; path = "SCVideoResultViewController+Private.m"; sourceTree = "<group>"; };
		50B5DCDE27B7852300200CCF /* SCVideoResultViewController+UI.m */ = {isa = PBXFileReference; fileEncoding = 4; lastKnownFileType = sourcecode.c.objc; path = "SCVideoResultViewController+UI.m"; sourceTree = "<group>"; };
		50B5DCDF27B7852300200CCF /* SCVideoResultViewController.h */ = {isa = PBXFileReference; fileEncoding = 4; lastKnownFileType = sourcecode.c.h; path = SCVideoResultViewController.h; sourceTree = "<group>"; };
		50B5DCE027B7852300200CCF /* SCVideoResultViewController+Private.h */ = {isa = PBXFileReference; fileEncoding = 4; lastKnownFileType = sourcecode.c.h; path = "SCVideoResultViewController+Private.h"; sourceTree = "<group>"; };
		50B5DCE427B78D7300200CCF /* SCVideoModel.h */ = {isa = PBXFileReference; fileEncoding = 4; lastKnownFileType = sourcecode.c.h; path = SCVideoModel.h; sourceTree = "<group>"; };
		50B5DCE527B78D7300200CCF /* SCVideoModel.m */ = {isa = PBXFileReference; fileEncoding = 4; lastKnownFileType = sourcecode.c.objc; path = SCVideoModel.m; sourceTree = "<group>"; };
		50B5DCE727B79C1500200CCF /* SCCapturingModeSwitchView.m */ = {isa = PBXFileReference; fileEncoding = 4; lastKnownFileType = sourcecode.c.objc; path = SCCapturingModeSwitchView.m; sourceTree = "<group>"; };
		50B5DCE827B79C1500200CCF /* SCCapturingModeSwitchView.h */ = {isa = PBXFileReference; fileEncoding = 4; lastKnownFileType = sourcecode.c.h; path = SCCapturingModeSwitchView.h; sourceTree = "<group>"; };
		50B5DCEB27B7A12B00200CCF /* UIView+Extention.h */ = {isa = PBXFileReference; lastKnownFileType = sourcecode.c.h; path = "UIView+Extention.h"; sourceTree = "<group>"; };
		50B5DCEC27B7A12B00200CCF /* UIView+Extention.m */ = {isa = PBXFileReference; lastKnownFileType = sourcecode.c.objc; path = "UIView+Extention.m"; sourceTree = "<group>"; };
		50CF75E4278F0C9300415211 /* Common.h */ = {isa = PBXFileReference; lastKnownFileType = sourcecode.c.h; path = Common.h; sourceTree = "<group>"; };
		50CF75E5278F0D3F00415211 /* SCFilterMaterialModel.m */ = {isa = PBXFileReference; fileEncoding = 4; lastKnownFileType = sourcecode.c.objc; path = SCFilterMaterialModel.m; sourceTree = "<group>"; };
		50CF75E6278F0D3F00415211 /* SCFilterMaterialModel.h */ = {isa = PBXFileReference; fileEncoding = 4; lastKnownFileType = sourcecode.c.h; path = SCFilterMaterialModel.h; sourceTree = "<group>"; };
		50CF75E8278F0D9600415211 /* SCFilterManager.h */ = {isa = PBXFileReference; fileEncoding = 4; lastKnownFileType = sourcecode.c.h; path = SCFilterManager.h; sourceTree = "<group>"; };
		50CF75E9278F0D9600415211 /* SCFilterManager.m */ = {isa = PBXFileReference; fileEncoding = 4; lastKnownFileType = sourcecode.c.objc; path = SCFilterManager.m; sourceTree = "<group>"; };
		50CF75EB278F0EE000415211 /* SCFilterBarView.m */ = {isa = PBXFileReference; fileEncoding = 4; lastKnownFileType = sourcecode.c.objc; path = SCFilterBarView.m; sourceTree = "<group>"; };
		50CF75EC278F0EE000415211 /* SCFilterBarView.h */ = {isa = PBXFileReference; fileEncoding = 4; lastKnownFileType = sourcecode.c.h; path = SCFilterBarView.h; sourceTree = "<group>"; };
		50CF75ED278F0EE000415211 /* SCFilterMaterialView.m */ = {isa = PBXFileReference; fileEncoding = 4; lastKnownFileType = sourcecode.c.objc; path = SCFilterMaterialView.m; sourceTree = "<group>"; };
		50CF75EE278F0EE000415211 /* SCFilterMaterialView.h */ = {isa = PBXFileReference; fileEncoding = 4; lastKnownFileType = sourcecode.c.h; path = SCFilterMaterialView.h; sourceTree = "<group>"; };
		50CF75EF278F0EE000415211 /* SCFilterMaterialViewCell.h */ = {isa = PBXFileReference; fileEncoding = 4; lastKnownFileType = sourcecode.c.h; path = SCFilterMaterialViewCell.h; sourceTree = "<group>"; };
		50CF75F0278F0EE000415211 /* SCFilterMaterialViewCell.m */ = {isa = PBXFileReference; fileEncoding = 4; lastKnownFileType = sourcecode.c.objc; path = SCFilterMaterialViewCell.m; sourceTree = "<group>"; };
		50CF75F5278F0FD800415211 /* SCFilterHelper.m */ = {isa = PBXFileReference; fileEncoding = 4; lastKnownFileType = sourcecode.c.objc; path = SCFilterHelper.m; sourceTree = "<group>"; };
		50CF75F6278F0FD800415211 /* SCFilterHelper.h */ = {isa = PBXFileReference; fileEncoding = 4; lastKnownFileType = sourcecode.c.h; path = SCFilterHelper.h; sourceTree = "<group>"; };
		C6F47952E47F7F4765EA50D8 /* Pods-SimpleCamera.release.xcconfig */ = {isa = PBXFileReference; includeInIndex = 1; lastKnownFileType = text.xcconfig; name = "Pods-SimpleCamera.release.xcconfig"; path = "Target Support Files/Pods-SimpleCamera/Pods-SimpleCamera.release.xcconfig"; sourceTree = "<group>"; };
/* End PBXFileReference section */

/* Begin PBXFrameworksBuildPhase section */
		19A3BA4B278710820027386F /* Frameworks */ = {
			isa = PBXFrameworksBuildPhase;
			buildActionMask = 2147483647;
			files = (
				309787DDC67EAD8D8208C37F /* libPods-SimpleCamera.a in Frameworks */,
			);
			runOnlyForDeploymentPostprocessing = 0;
		};
		19A3BA66278710830027386F /* Frameworks */ = {
			isa = PBXFrameworksBuildPhase;
			buildActionMask = 2147483647;
			files = (
			);
			runOnlyForDeploymentPostprocessing = 0;
		};
		19A3BA71278710840027386F /* Frameworks */ = {
			isa = PBXFrameworksBuildPhase;
			buildActionMask = 2147483647;
			files = (
			);
			runOnlyForDeploymentPostprocessing = 0;
		};
/* End PBXFrameworksBuildPhase section */

/* Begin PBXGroup section */
		19A3BA45278710820027386F = {
			isa = PBXGroup;
			children = (
				19A3BA50278710820027386F /* SimpleCamera */,
				19A3BA6C278710830027386F /* SimpleCameraTests */,
				19A3BA77278710840027386F /* SimpleCameraUITests */,
				19A3BA4F278710820027386F /* Products */,
				9A83309209E1C0B6BE8235D8 /* Pods */,
				B120ED1B190AD9B7B401ACFC /* Frameworks */,
			);
			sourceTree = "<group>";
		};
		19A3BA4F278710820027386F /* Products */ = {
			isa = PBXGroup;
			children = (
				19A3BA4E278710820027386F /* SimpleCamera.app */,
				19A3BA69278710830027386F /* SimpleCameraTests.xctest */,
				19A3BA74278710840027386F /* SimpleCameraUITests.xctest */,
			);
			name = Products;
			sourceTree = "<group>";
		};
		19A3BA50278710820027386F /* SimpleCamera */ = {
			isa = PBXGroup;
			children = (
				504AB42627DDE44A00A05DDD /* Filter */,
				504AB41927D6413E00A05DDD /* ThirdDemo */,
				19A3BAD9278719A10027386F /* Resource */,
				19A3BA862787109E0027386F /* Support */,
				19A3BACD2787164B0027386F /* Common */,
				19A3BB34278863CB0027386F /* PhotoResult */,
				50B5DCD927B7852300200CCF /* VideoResult */,
				19A3BAC8278716410027386F /* Camera */,
				19A3BB17278723800027386F /* Info.plist */,
				19A3BAD2278717270027386F /* Assets.xcassets */,
				502AF8A427872CB4000CBB12 /* Base.lproj */,
				19A3BA63278710830027386F /* main.m */,
			);
			path = SimpleCamera;
			sourceTree = "<group>";
		};
		19A3BA6C278710830027386F /* SimpleCameraTests */ = {
			isa = PBXGroup;
			children = (
				19A3BA6D278710830027386F /* SimpleCameraTests.m */,
				19A3BA6F278710830027386F /* Info.plist */,
			);
			path = SimpleCameraTests;
			sourceTree = "<group>";
		};
		19A3BA77278710840027386F /* SimpleCameraUITests */ = {
			isa = PBXGroup;
			children = (
				19A3BA78278710840027386F /* SimpleCameraUITests.m */,
				19A3BA7A278710840027386F /* Info.plist */,
			);
			path = SimpleCameraUITests;
			sourceTree = "<group>";
		};
		19A3BA862787109E0027386F /* Support */ = {
			isa = PBXGroup;
			children = (
				5025227D27887A670060AB1F /* SimpleCamera-Prefix.pch */,
				19A3BA51278710820027386F /* AppDelegate.h */,
				19A3BA52278710820027386F /* AppDelegate.m */,
			);
			path = Support;
			sourceTree = "<group>";
		};
		19A3BAC8278716410027386F /* Camera */ = {
			isa = PBXGroup;
			children = (
				19A3BB1A2788511B0027386F /* Model */,
				19A3BB1B278851200027386F /* View */,
				19A3BAC9278716410027386F /* ViewController */,
			);
			path = Camera;
			sourceTree = "<group>";
		};
		19A3BAC9278716410027386F /* ViewController */ = {
			isa = PBXGroup;
			children = (
				19A3BACA278716410027386F /* SCCameraViewController.h */,
				19A3BACB278716410027386F /* SCCameraViewController.m */,
				19A3BB2227885C850027386F /* SCCameraViewController+Private.h */,
				19A3BB2327885C850027386F /* SCCameraViewController+Private.m */,
				19A3BB2527885C990027386F /* SCCameraViewController+UI.h */,
				19A3BB2627885C990027386F /* SCCameraViewController+UI.m */,
				19A3BB2827885CAF0027386F /* SCCameraViewController+TakePhoto.h */,
				19A3BB2927885CAF0027386F /* SCCameraViewController+TakePhoto.m */,
				50B5DCD627B783B500200CCF /* SCCameraViewController+RecordVideo.h */,
				50B5DCD727B783C500200CCF /* SCCameraViewController+RecordVideo.m */,
				19A3BB31278862C80027386F /* SCCameraViewController+Filter.h */,
				19A3BB32278862C80027386F /* SCCameraViewController+Filter.m */,
			);
			path = ViewController;
			sourceTree = "<group>";
		};
		19A3BACD2787164B0027386F /* Common */ = {
			isa = PBXGroup;
			children = (
				50B5DCEA27B7A0D800200CCF /* Category */,
				50CF75F4278F0FD800415211 /* Utils */,
				5025227A278879B20060AB1F /* Define */,
				19A3BACE2787164B0027386F /* ViewController */,
			);
			name = Common;
			path = SimpleCamera/Common;
			sourceTree = SOURCE_ROOT;
		};
		19A3BACE2787164B0027386F /* ViewController */ = {
			isa = PBXGroup;
			children = (
				19A3BACF2787164B0027386F /* SCViewController.h */,
				19A3BAD02787164B0027386F /* SCViewController.m */,
			);
			path = ViewController;
			sourceTree = "<group>";
		};
		19A3BAD9278719A10027386F /* Resource */ = {
			isa = PBXGroup;
			children = (
				19A3BADA278719A10027386F /* Plist */,
				19A3BADF278719A10027386F /* Image */,
			);
			path = Resource;
			sourceTree = "<group>";
		};
		19A3BADA278719A10027386F /* Plist */ = {
			isa = PBXGroup;
			children = (
				19A3BADB278719A10027386F /* SplitFilterMaterials.plist */,
				19A3BADC278719A10027386F /* FaceRecognizerMaterials.plist */,
				19A3BADD278719A10027386F /* TikTokFilterMaterials.plist */,
				19A3BADE278719A10027386F /* DefaultFilterMaterials.plist */,
			);
			path = Plist;
			sourceTree = "<group>";
		};
		19A3BADF278719A10027386F /* Image */ = {
			isa = PBXGroup;
			children = (
				19A3BAE0278719A10027386F /* icon_app_launch.imageset */,
				19A3BAE4278719A10027386F /* filter_sample_face_feature.jpg */,
				19A3BAE5278719A10027386F /* filter_sample.jpg */,
			);
			path = Image;
			sourceTree = "<group>";
		};
		19A3BAE0278719A10027386F /* icon_app_launch.imageset */ = {
			isa = PBXGroup;
			children = (
				19A3BAE1278719A10027386F /* Contents.json */,
				19A3BAE2278719A10027386F /* icon_app_launch@2x.png */,
				19A3BAE3278719A10027386F /* icon_app_launch@3x.png */,
			);
			path = icon_app_launch.imageset;
			sourceTree = "<group>";
		};
		19A3BB1A2788511B0027386F /* Model */ = {
			isa = PBXGroup;
			children = (
				504AB41D27DD8E2D00A05DDD /* SCFilterHandler.h */,
				504AB41E27DD8E2D00A05DDD /* SCFilterHandler.m */,
				504AB41327D6385000A05DDD /* SCGPUImageMovieWriter.h */,
				504AB41427D6385000A05DDD /* SCGPUImageMovieWriter.m */,
				19A3BB1C278851480027386F /* SCCameraManager.h */,
				19A3BB1D2788514E0027386F /* SCCameraManager.m */,
				50B5DCE427B78D7300200CCF /* SCVideoModel.h */,
				50B5DCE527B78D7300200CCF /* SCVideoModel.m */,
				50CF75E6278F0D3F00415211 /* SCFilterMaterialModel.h */,
				50CF75E5278F0D3F00415211 /* SCFilterMaterialModel.m */,
				50CF75E8278F0D9600415211 /* SCFilterManager.h */,
				50CF75E9278F0D9600415211 /* SCFilterManager.m */,
			);
			path = Model;
			sourceTree = "<group>";
		};
		19A3BB1B278851200027386F /* View */ = {
			isa = PBXGroup;
			children = (
				504AB42327DDE3ED00A05DDD /* SCFilterCategoryView.h */,
				504AB42427DDE3ED00A05DDD /* SCFilterCategoryView.m */,
				504AB42027DDE3D100A05DDD /* SCFilterCategoryCell.h */,
				504AB42127DDE3D100A05DDD /* SCFilterCategoryCell.m */,
				19A3BB2C27885D1B0027386F /* SCCapturingButton.h */,
				19A3BB2E27885D260027386F /* SCCapturingButton.m */,
				50CF75EF278F0EE000415211 /* SCFilterMaterialViewCell.h */,
				50CF75F0278F0EE000415211 /* SCFilterMaterialViewCell.m */,
				50CF75EE278F0EE000415211 /* SCFilterMaterialView.h */,
				50CF75ED278F0EE000415211 /* SCFilterMaterialView.m */,
				50CF75EC278F0EE000415211 /* SCFilterBarView.h */,
				50CF75EB278F0EE000415211 /* SCFilterBarView.m */,
				50B5DCD227B7717600200CCF /* SCCameraTopView.h */,
				50B5DCD027B7712A00200CCF /* SCCameraTopView.m */,
				50B5DCE827B79C1500200CCF /* SCCapturingModeSwitchView.h */,
				50B5DCE727B79C1500200CCF /* SCCapturingModeSwitchView.m */,
			);
			path = View;
			sourceTree = "<group>";
		};
		19A3BB34278863CB0027386F /* PhotoResult */ = {
			isa = PBXGroup;
			children = (
				19A3BB35278863F00027386F /* ViewController */,
			);
			path = PhotoResult;
			sourceTree = "<group>";
		};
		19A3BB35278863F00027386F /* ViewController */ = {
			isa = PBXGroup;
			children = (
				19A3BB36278863F10027386F /* SCPhotoResultViewController.h */,
				19A3BB37278863F10027386F /* SCPhotoResultViewController.m */,
				502522762788766B0060AB1F /* SCPhotoResultViewController+Private.h */,
				502522742788766B0060AB1F /* SCPhotoResultViewController+Private.m */,
				502522752788766B0060AB1F /* SCPhotoResultViewController+UI.h */,
				502522772788766B0060AB1F /* SCPhotoResultViewController+UI.m */,
			);
			path = ViewController;
			sourceTree = "<group>";
		};
		5025227A278879B20060AB1F /* Define */ = {
			isa = PBXGroup;
			children = (
				5025227B278879B20060AB1F /* metamacros.h */,
				5025227C278879B20060AB1F /* EXTScope.h */,
				50CF75E4278F0C9300415211 /* Common.h */,
			);
			path = Define;
			sourceTree = "<group>";
		};
		502AF8A427872CB4000CBB12 /* Base.lproj */ = {
			isa = PBXGroup;
			children = (
				502AF8A527872CB4000CBB12 /* LaunchScreen.storyboard */,
			);
			path = Base.lproj;
			sourceTree = "<group>";
		};
		504AB41927D6413E00A05DDD /* ThirdDemo */ = {
			isa = PBXGroup;
			children = (
				504AB41A27D6413E00A05DDD /* GPUImageBeautifyFilter.h */,
				504AB41B27D6413E00A05DDD /* GPUImageBeautifyFilter.m */,
			);
			path = ThirdDemo;
			sourceTree = "<group>";
		};
		504AB42627DDE44A00A05DDD /* Filter */ = {
			isa = PBXGroup;
			children = (
				504AB43127DF67E800A05DDD /* TikTok */,
				504AB42D27DF67E300A05DDD /* Base */,
			);
			path = Filter;
			sourceTree = "<group>";
		};
		504AB42D27DF67E300A05DDD /* Base */ = {
			isa = PBXGroup;
			children = (
				504AB42F27DF67E300A05DDD /* SCGPUImageBaseFilter.h */,
				504AB42E27DF67E300A05DDD /* SCGPUImageBaseFilter.m */,
			);
			path = Base;
			sourceTree = "<group>";
		};
		504AB43127DF67E800A05DDD /* TikTok */ = {
			isa = PBXGroup;
			children = (
				504AB43327DF67E800A05DDD /* SCGPUImageScaleFilter.h */,
				504AB43A27DF67E800A05DDD /* SCGPUImageScaleFilter.m */,
				504AB43427DF67E800A05DDD /* SCGPUImageSoulOutFilter.h */,
				504AB43927DF67E800A05DDD /* SCGPUImageSoulOutFilter.m */,
				504AB43527DF67E800A05DDD /* SCGPUImageShineWhiteFilter.h */,
				504AB43D27DF67E800A05DDD /* SCGPUImageShineWhiteFilter.m */,
				504AB43627DF67E800A05DDD /* SCGPUImageGlitchFilter.h */,
				504AB43C27DF67E800A05DDD /* SCGPUImageGlitchFilter.m */,
				504AB43B27DF67E800A05DDD /* SCGPUImageShakeFilter.h */,
				504AB43727DF67E800A05DDD /* SCGPUImageShakeFilter.m */,
				504AB43227DF67E800A05DDD /* SCGPUImageVertigoFilter.h */,
				504AB43827DF67E800A05DDD /* SCGPUImageVertigoFilter.m */,
			);
			path = TikTok;
			sourceTree = "<group>";
		};
		50B5DCD927B7852300200CCF /* VideoResult */ = {
			isa = PBXGroup;
			children = (
				50B5DCDA27B7852300200CCF /* ViewController */,
			);
			path = VideoResult;
			sourceTree = "<group>";
		};
		50B5DCDA27B7852300200CCF /* ViewController */ = {
			isa = PBXGroup;
			children = (
				50B5DCDF27B7852300200CCF /* SCVideoResultViewController.h */,
				50B5DCDB27B7852300200CCF /* SCVideoResultViewController.m */,
				50B5DCDC27B7852300200CCF /* SCVideoResultViewController+UI.h */,
				50B5DCDE27B7852300200CCF /* SCVideoResultViewController+UI.m */,
				50B5DCE027B7852300200CCF /* SCVideoResultViewController+Private.h */,
				50B5DCDD27B7852300200CCF /* SCVideoResultViewController+Private.m */,
			);
			path = ViewController;
			sourceTree = "<group>";
		};
		50B5DCEA27B7A0D800200CCF /* Category */ = {
			isa = PBXGroup;
			children = (
				50B5DCEB27B7A12B00200CCF /* UIView+Extention.h */,
				50B5DCEC27B7A12B00200CCF /* UIView+Extention.m */,
				504AB41627D63A6C00A05DDD /* GPUImageMovieWriter+BugFix.h */,
				504AB41727D63A6C00A05DDD /* GPUImageMovieWriter+BugFix.m */,
			);
			path = Category;
			sourceTree = "<group>";
		};
		50CF75F4278F0FD800415211 /* Utils */ = {
			isa = PBXGroup;
			children = (
				509FBA2627CF9CF9002D0E64 /* SCAssetHelper.h */,
				509FBA2727CF9CF9002D0E64 /* SCAssetHelper.m */,
				50CF75F6278F0FD800415211 /* SCFilterHelper.h */,
				50CF75F5278F0FD800415211 /* SCFilterHelper.m */,
				50B5DCD427B7793800200CCF /* SCFileHelper.h */,
				50B5DCD327B7793800200CCF /* SCFileHelper.m */,
			);
			path = Utils;
			sourceTree = "<group>";
		};
		9A83309209E1C0B6BE8235D8 /* Pods */ = {
			isa = PBXGroup;
			children = (
				0D24573C5759E2E3D3660B0B /* Pods-SimpleCamera.debug.xcconfig */,
				C6F47952E47F7F4765EA50D8 /* Pods-SimpleCamera.release.xcconfig */,
			);
			path = Pods;
			sourceTree = "<group>";
		};
		B120ED1B190AD9B7B401ACFC /* Frameworks */ = {
			isa = PBXGroup;
			children = (
				26E0C4317EC291AE5E852FCB /* libPods-SimpleCamera.a */,
			);
			name = Frameworks;
			sourceTree = "<group>";
		};
/* End PBXGroup section */

/* Begin PBXNativeTarget section */
		19A3BA4D278710820027386F /* SimpleCamera */ = {
			isa = PBXNativeTarget;
			buildConfigurationList = 19A3BA7D278710840027386F /* Build configuration list for PBXNativeTarget "SimpleCamera" */;
			buildPhases = (
				6393657C86DA163F8ACF7538 /* [CP] Check Pods Manifest.lock */,
				19A3BA4A278710820027386F /* Sources */,
				19A3BA4B278710820027386F /* Frameworks */,
				19A3BA4C278710820027386F /* Resources */,
				C54EF84E7CBFA808B7C93F36 /* [CP] Copy Pods Resources */,
			);
			buildRules = (
			);
			dependencies = (
			);
			name = SimpleCamera;
			productName = SimpleCamera;
			productReference = 19A3BA4E278710820027386F /* SimpleCamera.app */;
			productType = "com.apple.product-type.application";
		};
		19A3BA68278710830027386F /* SimpleCameraTests */ = {
			isa = PBXNativeTarget;
			buildConfigurationList = 19A3BA80278710840027386F /* Build configuration list for PBXNativeTarget "SimpleCameraTests" */;
			buildPhases = (
				19A3BA65278710830027386F /* Sources */,
				19A3BA66278710830027386F /* Frameworks */,
				19A3BA67278710830027386F /* Resources */,
			);
			buildRules = (
			);
			dependencies = (
				19A3BA6B278710830027386F /* PBXTargetDependency */,
			);
			name = SimpleCameraTests;
			productName = SimpleCameraTests;
			productReference = 19A3BA69278710830027386F /* SimpleCameraTests.xctest */;
			productType = "com.apple.product-type.bundle.unit-test";
		};
		19A3BA73278710840027386F /* SimpleCameraUITests */ = {
			isa = PBXNativeTarget;
			buildConfigurationList = 19A3BA83278710840027386F /* Build configuration list for PBXNativeTarget "SimpleCameraUITests" */;
			buildPhases = (
				19A3BA70278710840027386F /* Sources */,
				19A3BA71278710840027386F /* Frameworks */,
				19A3BA72278710840027386F /* Resources */,
			);
			buildRules = (
			);
			dependencies = (
				19A3BA76278710840027386F /* PBXTargetDependency */,
			);
			name = SimpleCameraUITests;
			productName = SimpleCameraUITests;
			productReference = 19A3BA74278710840027386F /* SimpleCameraUITests.xctest */;
			productType = "com.apple.product-type.bundle.ui-testing";
		};
/* End PBXNativeTarget section */

/* Begin PBXProject section */
		19A3BA46278710820027386F /* Project object */ = {
			isa = PBXProject;
			attributes = {
				LastUpgradeCheck = 1250;
				TargetAttributes = {
					19A3BA4D278710820027386F = {
						CreatedOnToolsVersion = 12.5;
					};
					19A3BA68278710830027386F = {
						CreatedOnToolsVersion = 12.5;
						TestTargetID = 19A3BA4D278710820027386F;
					};
					19A3BA73278710840027386F = {
						CreatedOnToolsVersion = 12.5;
						TestTargetID = 19A3BA4D278710820027386F;
					};
				};
			};
			buildConfigurationList = 19A3BA49278710820027386F /* Build configuration list for PBXProject "SimpleCamera" */;
			compatibilityVersion = "Xcode 9.3";
			developmentRegion = en;
			hasScannedForEncodings = 0;
			knownRegions = (
				en,
				Base,
			);
			mainGroup = 19A3BA45278710820027386F;
			productRefGroup = 19A3BA4F278710820027386F /* Products */;
			projectDirPath = "";
			projectRoot = "";
			targets = (
				19A3BA4D278710820027386F /* SimpleCamera */,
				19A3BA68278710830027386F /* SimpleCameraTests */,
				19A3BA73278710840027386F /* SimpleCameraUITests */,
			);
		};
/* End PBXProject section */

/* Begin PBXResourcesBuildPhase section */
		19A3BA4C278710820027386F /* Resources */ = {
			isa = PBXResourcesBuildPhase;
			buildActionMask = 2147483647;
			files = (
				19A3BAFA27871B9D0027386F /* Assets.xcassets in Resources */,
				19A3BAEA278719A10027386F /* Contents.json in Resources */,
				19A3BAEC278719A10027386F /* icon_app_launch@3x.png in Resources */,
				19A3BAE7278719A10027386F /* FaceRecognizerMaterials.plist in Resources */,
				19A3BAE8278719A10027386F /* TikTokFilterMaterials.plist in Resources */,
				19A3BAE6278719A10027386F /* SplitFilterMaterials.plist in Resources */,
				19A3BAED278719A10027386F /* filter_sample_face_feature.jpg in Resources */,
				19A3BAEE278719A10027386F /* filter_sample.jpg in Resources */,
				19A3BAEB278719A10027386F /* icon_app_launch@2x.png in Resources */,
				502AF8A927872CB4000CBB12 /* LaunchScreen.storyboard in Resources */,
				19A3BAE9278719A10027386F /* DefaultFilterMaterials.plist in Resources */,
			);
			runOnlyForDeploymentPostprocessing = 0;
		};
		19A3BA67278710830027386F /* Resources */ = {
			isa = PBXResourcesBuildPhase;
			buildActionMask = 2147483647;
			files = (
			);
			runOnlyForDeploymentPostprocessing = 0;
		};
		19A3BA72278710840027386F /* Resources */ = {
			isa = PBXResourcesBuildPhase;
			buildActionMask = 2147483647;
			files = (
			);
			runOnlyForDeploymentPostprocessing = 0;
		};
/* End PBXResourcesBuildPhase section */

/* Begin PBXShellScriptBuildPhase section */
		6393657C86DA163F8ACF7538 /* [CP] Check Pods Manifest.lock */ = {
			isa = PBXShellScriptBuildPhase;
			buildActionMask = 2147483647;
			files = (
			);
			inputFileListPaths = (
			);
			inputPaths = (
				"${PODS_PODFILE_DIR_PATH}/Podfile.lock",
				"${PODS_ROOT}/Manifest.lock",
			);
			name = "[CP] Check Pods Manifest.lock";
			outputFileListPaths = (
			);
			outputPaths = (
				"$(DERIVED_FILE_DIR)/Pods-SimpleCamera-checkManifestLockResult.txt",
			);
			runOnlyForDeploymentPostprocessing = 0;
			shellPath = /bin/sh;
			shellScript = "diff \"${PODS_PODFILE_DIR_PATH}/Podfile.lock\" \"${PODS_ROOT}/Manifest.lock\" > /dev/null\nif [ $? != 0 ] ; then\n    # print error to STDERR\n    echo \"error: The sandbox is not in sync with the Podfile.lock. Run 'pod install' or update your CocoaPods installation.\" >&2\n    exit 1\nfi\n# This output is used by Xcode 'outputs' to avoid re-running this script phase.\necho \"SUCCESS\" > \"${SCRIPT_OUTPUT_FILE_0}\"\n";
			showEnvVarsInLog = 0;
		};
		C54EF84E7CBFA808B7C93F36 /* [CP] Copy Pods Resources */ = {
			isa = PBXShellScriptBuildPhase;
			buildActionMask = 2147483647;
			files = (
			);
			inputFileListPaths = (
				"${PODS_ROOT}/Target Support Files/Pods-SimpleCamera/Pods-SimpleCamera-resources-${CONFIGURATION}-input-files.xcfilelist",
			);
			name = "[CP] Copy Pods Resources";
			outputFileListPaths = (
				"${PODS_ROOT}/Target Support Files/Pods-SimpleCamera/Pods-SimpleCamera-resources-${CONFIGURATION}-output-files.xcfilelist",
			);
			runOnlyForDeploymentPostprocessing = 0;
			shellPath = /bin/sh;
			shellScript = "\"${PODS_ROOT}/Target Support Files/Pods-SimpleCamera/Pods-SimpleCamera-resources.sh\"\n";
			showEnvVarsInLog = 0;
		};
/* End PBXShellScriptBuildPhase section */

/* Begin PBXSourcesBuildPhase section */
		19A3BA4A278710820027386F /* Sources */ = {
			isa = PBXSourcesBuildPhase;
			buildActionMask = 2147483647;
			files = (
				19A3BA53278710820027386F /* AppDelegate.m in Sources */,
				50B5DCD127B7712A00200CCF /* SCCameraTopView.m in Sources */,
				19A3BB38278863F10027386F /* SCPhotoResultViewController.m in Sources */,
				19A3BB2A27885CAF0027386F /* SCCameraViewController+TakePhoto.m in Sources */,
				50B5DCE227B7852300200CCF /* SCVideoResultViewController+Private.m in Sources */,
				504AB42527DDE3ED00A05DDD /* SCFilterCategoryView.m in Sources */,
				19A3BA64278710830027386F /* main.m in Sources */,
				504AB43027DF67E300A05DDD /* SCGPUImageBaseFilter.m in Sources */,
				502522782788766B0060AB1F /* SCPhotoResultViewController+Private.m in Sources */,
				504AB41F27DD8E2D00A05DDD /* SCFilterHandler.m in Sources */,
				504AB44327DF67E800A05DDD /* SCGPUImageShineWhiteFilter.m in Sources */,
				50B5DCE327B7852300200CCF /* SCVideoResultViewController+UI.m in Sources */,
				502522792788766B0060AB1F /* SCPhotoResultViewController+UI.m in Sources */,
				50CF75E7278F0D3F00415211 /* SCFilterMaterialModel.m in Sources */,
				50B5DCE127B7852300200CCF /* SCVideoResultViewController.m in Sources */,
				19A3BAD12787164B0027386F /* SCViewController.m in Sources */,
				50CF75F2278F0EE000415211 /* SCFilterMaterialView.m in Sources */,
				19A3BACC278716410027386F /* SCCameraViewController.m in Sources */,
				504AB43F27DF67E800A05DDD /* SCGPUImageVertigoFilter.m in Sources */,
				19A3BB3027885D260027386F /* SCCapturingButton.m in Sources */,
				504AB44027DF67E800A05DDD /* SCGPUImageSoulOutFilter.m in Sources */,
				504AB44227DF67E800A05DDD /* SCGPUImageGlitchFilter.m in Sources */,
				50CF75F1278F0EE000415211 /* SCFilterBarView.m in Sources */,
				19A3BB2427885C850027386F /* SCCameraViewController+Private.m in Sources */,
				19A3BB2727885C990027386F /* SCCameraViewController+UI.m in Sources */,
				19A3BB1E2788514E0027386F /* SCCameraManager.m in Sources */,
				504AB41C27D6413F00A05DDD /* GPUImageBeautifyFilter.m in Sources */,
				50CF75F7278F0FD800415211 /* SCFilterHelper.m in Sources */,
				504AB41827D63A6C00A05DDD /* GPUImageMovieWriter+BugFix.m in Sources */,
				50B5DCD827B783C500200CCF /* SCCameraViewController+RecordVideo.m in Sources */,
				50CF75F3278F0EE000415211 /* SCFilterMaterialViewCell.m in Sources */,
				50CF75EA278F0D9600415211 /* SCFilterManager.m in Sources */,
				50B5DCED27B7A12B00200CCF /* UIView+Extention.m in Sources */,
				504AB41527D6385000A05DDD /* SCGPUImageMovieWriter.m in Sources */,
				50B5DCD527B7793800200CCF /* SCFileHelper.m in Sources */,
				504AB43E27DF67E800A05DDD /* SCGPUImageShakeFilter.m in Sources */,
				504AB42227DDE3D100A05DDD /* SCFilterCategoryCell.m in Sources */,
				50B5DCE927B79C1600200CCF /* SCCapturingModeSwitchView.m in Sources */,
				50B5DCE627B78D7300200CCF /* SCVideoModel.m in Sources */,
				504AB44127DF67E800A05DDD /* SCGPUImageScaleFilter.m in Sources */,
				509FBA2827CF9CF9002D0E64 /* SCAssetHelper.m in Sources */,
				19A3BB33278862C80027386F /* SCCameraViewController+Filter.m in Sources */,
			);
			runOnlyForDeploymentPostprocessing = 0;
		};
		19A3BA65278710830027386F /* Sources */ = {
			isa = PBXSourcesBuildPhase;
			buildActionMask = 2147483647;
			files = (
				19A3BA6E278710830027386F /* SimpleCameraTests.m in Sources */,
			);
			runOnlyForDeploymentPostprocessing = 0;
		};
		19A3BA70278710840027386F /* Sources */ = {
			isa = PBXSourcesBuildPhase;
			buildActionMask = 2147483647;
			files = (
				19A3BA79278710840027386F /* SimpleCameraUITests.m in Sources */,
			);
			runOnlyForDeploymentPostprocessing = 0;
		};
/* End PBXSourcesBuildPhase section */

/* Begin PBXTargetDependency section */
		19A3BA6B278710830027386F /* PBXTargetDependency */ = {
			isa = PBXTargetDependency;
			target = 19A3BA4D278710820027386F /* SimpleCamera */;
			targetProxy = 19A3BA6A278710830027386F /* PBXContainerItemProxy */;
		};
		19A3BA76278710840027386F /* PBXTargetDependency */ = {
			isa = PBXTargetDependency;
			target = 19A3BA4D278710820027386F /* SimpleCamera */;
			targetProxy = 19A3BA75278710840027386F /* PBXContainerItemProxy */;
		};
/* End PBXTargetDependency section */

/* Begin PBXVariantGroup section */
		502AF8A527872CB4000CBB12 /* LaunchScreen.storyboard */ = {
			isa = PBXVariantGroup;
			children = (
				502AF8A627872CB4000CBB12 /* Base */,
			);
			name = LaunchScreen.storyboard;
			sourceTree = "<group>";
		};
/* End PBXVariantGroup section */

/* Begin XCBuildConfiguration section */
		19A3BA7B278710840027386F /* Debug */ = {
			isa = XCBuildConfiguration;
			buildSettings = {
				ALWAYS_SEARCH_USER_PATHS = NO;
				CLANG_ANALYZER_NONNULL = YES;
				CLANG_ANALYZER_NUMBER_OBJECT_CONVERSION = YES_AGGRESSIVE;
				CLANG_CXX_LANGUAGE_STANDARD = "gnu++14";
				CLANG_CXX_LIBRARY = "libc++";
				CLANG_ENABLE_MODULES = YES;
				CLANG_ENABLE_OBJC_ARC = YES;
				CLANG_ENABLE_OBJC_WEAK = YES;
				CLANG_WARN_BLOCK_CAPTURE_AUTORELEASING = YES;
				CLANG_WARN_BOOL_CONVERSION = YES;
				CLANG_WARN_COMMA = YES;
				CLANG_WARN_CONSTANT_CONVERSION = YES;
				CLANG_WARN_DEPRECATED_OBJC_IMPLEMENTATIONS = YES;
				CLANG_WARN_DIRECT_OBJC_ISA_USAGE = YES_ERROR;
				CLANG_WARN_DOCUMENTATION_COMMENTS = YES;
				CLANG_WARN_EMPTY_BODY = YES;
				CLANG_WARN_ENUM_CONVERSION = YES;
				CLANG_WARN_INFINITE_RECURSION = YES;
				CLANG_WARN_INT_CONVERSION = YES;
				CLANG_WARN_NON_LITERAL_NULL_CONVERSION = YES;
				CLANG_WARN_OBJC_IMPLICIT_RETAIN_SELF = YES;
				CLANG_WARN_OBJC_LITERAL_CONVERSION = YES;
				CLANG_WARN_OBJC_ROOT_CLASS = YES_ERROR;
				CLANG_WARN_QUOTED_INCLUDE_IN_FRAMEWORK_HEADER = YES;
				CLANG_WARN_RANGE_LOOP_ANALYSIS = YES;
				CLANG_WARN_STRICT_PROTOTYPES = YES;
				CLANG_WARN_SUSPICIOUS_MOVE = YES;
				CLANG_WARN_UNGUARDED_AVAILABILITY = YES_AGGRESSIVE;
				CLANG_WARN_UNREACHABLE_CODE = YES;
				CLANG_WARN__DUPLICATE_METHOD_MATCH = YES;
				COPY_PHASE_STRIP = NO;
				DEBUG_INFORMATION_FORMAT = dwarf;
				ENABLE_STRICT_OBJC_MSGSEND = YES;
				ENABLE_TESTABILITY = YES;
				GCC_C_LANGUAGE_STANDARD = gnu11;
				GCC_DYNAMIC_NO_PIC = NO;
				GCC_NO_COMMON_BLOCKS = YES;
				GCC_OPTIMIZATION_LEVEL = 0;
				GCC_PREPROCESSOR_DEFINITIONS = (
					"DEBUG=1",
					"$(inherited)",
				);
				GCC_WARN_64_TO_32_BIT_CONVERSION = YES;
				GCC_WARN_ABOUT_RETURN_TYPE = YES_ERROR;
				GCC_WARN_UNDECLARED_SELECTOR = YES;
				GCC_WARN_UNINITIALIZED_AUTOS = YES_AGGRESSIVE;
				GCC_WARN_UNUSED_FUNCTION = YES;
				GCC_WARN_UNUSED_VARIABLE = YES;
				IPHONEOS_DEPLOYMENT_TARGET = 14.5;
				MTL_ENABLE_DEBUG_INFO = INCLUDE_SOURCE;
				MTL_FAST_MATH = YES;
				ONLY_ACTIVE_ARCH = YES;
				SDKROOT = iphoneos;
			};
			name = Debug;
		};
		19A3BA7C278710840027386F /* Release */ = {
			isa = XCBuildConfiguration;
			buildSettings = {
				ALWAYS_SEARCH_USER_PATHS = NO;
				CLANG_ANALYZER_NONNULL = YES;
				CLANG_ANALYZER_NUMBER_OBJECT_CONVERSION = YES_AGGRESSIVE;
				CLANG_CXX_LANGUAGE_STANDARD = "gnu++14";
				CLANG_CXX_LIBRARY = "libc++";
				CLANG_ENABLE_MODULES = YES;
				CLANG_ENABLE_OBJC_ARC = YES;
				CLANG_ENABLE_OBJC_WEAK = YES;
				CLANG_WARN_BLOCK_CAPTURE_AUTORELEASING = YES;
				CLANG_WARN_BOOL_CONVERSION = YES;
				CLANG_WARN_COMMA = YES;
				CLANG_WARN_CONSTANT_CONVERSION = YES;
				CLANG_WARN_DEPRECATED_OBJC_IMPLEMENTATIONS = YES;
				CLANG_WARN_DIRECT_OBJC_ISA_USAGE = YES_ERROR;
				CLANG_WARN_DOCUMENTATION_COMMENTS = YES;
				CLANG_WARN_EMPTY_BODY = YES;
				CLANG_WARN_ENUM_CONVERSION = YES;
				CLANG_WARN_INFINITE_RECURSION = YES;
				CLANG_WARN_INT_CONVERSION = YES;
				CLANG_WARN_NON_LITERAL_NULL_CONVERSION = YES;
				CLANG_WARN_OBJC_IMPLICIT_RETAIN_SELF = YES;
				CLANG_WARN_OBJC_LITERAL_CONVERSION = YES;
				CLANG_WARN_OBJC_ROOT_CLASS = YES_ERROR;
				CLANG_WARN_QUOTED_INCLUDE_IN_FRAMEWORK_HEADER = YES;
				CLANG_WARN_RANGE_LOOP_ANALYSIS = YES;
				CLANG_WARN_STRICT_PROTOTYPES = YES;
				CLANG_WARN_SUSPICIOUS_MOVE = YES;
				CLANG_WARN_UNGUARDED_AVAILABILITY = YES_AGGRESSIVE;
				CLANG_WARN_UNREACHABLE_CODE = YES;
				CLANG_WARN__DUPLICATE_METHOD_MATCH = YES;
				COPY_PHASE_STRIP = NO;
				DEBUG_INFORMATION_FORMAT = "dwarf-with-dsym";
				ENABLE_NS_ASSERTIONS = NO;
				ENABLE_STRICT_OBJC_MSGSEND = YES;
				GCC_C_LANGUAGE_STANDARD = gnu11;
				GCC_NO_COMMON_BLOCKS = YES;
				GCC_WARN_64_TO_32_BIT_CONVERSION = YES;
				GCC_WARN_ABOUT_RETURN_TYPE = YES_ERROR;
				GCC_WARN_UNDECLARED_SELECTOR = YES;
				GCC_WARN_UNINITIALIZED_AUTOS = YES_AGGRESSIVE;
				GCC_WARN_UNUSED_FUNCTION = YES;
				GCC_WARN_UNUSED_VARIABLE = YES;
				IPHONEOS_DEPLOYMENT_TARGET = 14.5;
				MTL_ENABLE_DEBUG_INFO = NO;
				MTL_FAST_MATH = YES;
				SDKROOT = iphoneos;
				VALIDATE_PRODUCT = YES;
			};
			name = Release;
		};
		19A3BA7E278710840027386F /* Debug */ = {
			isa = XCBuildConfiguration;
			baseConfigurationReference = 0D24573C5759E2E3D3660B0B /* Pods-SimpleCamera.debug.xcconfig */;
			buildSettings = {
				ASSETCATALOG_COMPILER_APPICON_NAME = AppIcon;
				ASSETCATALOG_COMPILER_GLOBAL_ACCENT_COLOR_NAME = AccentColor;
				CODE_SIGN_STYLE = Automatic;
				DEVELOPMENT_TEAM = DNPL4Q6NR9;
				GCC_PREFIX_HEADER = "$(SRCROOT)/SimpleCamera/Support/SimpleCamera-Prefix.pch";
				INFOPLIST_FILE = SimpleCamera/Info.plist;
				LD_RUNPATH_SEARCH_PATHS = (
					"$(inherited)",
					"@executable_path/Frameworks",
				);
				PRODUCT_BUNDLE_IDENTIFIER = mashanli.SimpleCamera;
				PRODUCT_NAME = "$(TARGET_NAME)";
				TARGETED_DEVICE_FAMILY = "1,2";
			};
			name = Debug;
		};
		19A3BA7F278710840027386F /* Release */ = {
			isa = XCBuildConfiguration;
			baseConfigurationReference = C6F47952E47F7F4765EA50D8 /* Pods-SimpleCamera.release.xcconfig */;
			buildSettings = {
				ASSETCATALOG_COMPILER_APPICON_NAME = AppIcon;
				ASSETCATALOG_COMPILER_GLOBAL_ACCENT_COLOR_NAME = AccentColor;
				CODE_SIGN_STYLE = Automatic;
				DEVELOPMENT_TEAM = DNPL4Q6NR9;
				GCC_PREFIX_HEADER = "$(SRCROOT)/SimpleCamera/Support/SimpleCamera-Prefix.pch";
				INFOPLIST_FILE = SimpleCamera/Info.plist;
				LD_RUNPATH_SEARCH_PATHS = (
					"$(inherited)",
					"@executable_path/Frameworks",
				);
				PRODUCT_BUNDLE_IDENTIFIER = mashanli.SimpleCamera;
				PRODUCT_NAME = "$(TARGET_NAME)";
				TARGETED_DEVICE_FAMILY = "1,2";
			};
			name = Release;
		};
		19A3BA81278710840027386F /* Debug */ = {
			isa = XCBuildConfiguration;
			buildSettings = {
				BUNDLE_LOADER = "$(TEST_HOST)";
				CODE_SIGN_STYLE = Automatic;
				DEVELOPMENT_TEAM = DNPL4Q6NR9;
				INFOPLIST_FILE = SimpleCameraTests/Info.plist;
				IPHONEOS_DEPLOYMENT_TARGET = 14.5;
				LD_RUNPATH_SEARCH_PATHS = (
					"$(inherited)",
					"@executable_path/Frameworks",
					"@loader_path/Frameworks",
				);
				PRODUCT_BUNDLE_IDENTIFIER = mashanli.SimpleCameraTests;
				PRODUCT_NAME = "$(TARGET_NAME)";
				TARGETED_DEVICE_FAMILY = "1,2";
				TEST_HOST = "$(BUILT_PRODUCTS_DIR)/SimpleCamera.app/SimpleCamera";
			};
			name = Debug;
		};
		19A3BA82278710840027386F /* Release */ = {
			isa = XCBuildConfiguration;
			buildSettings = {
				BUNDLE_LOADER = "$(TEST_HOST)";
				CODE_SIGN_STYLE = Automatic;
				DEVELOPMENT_TEAM = DNPL4Q6NR9;
				INFOPLIST_FILE = SimpleCameraTests/Info.plist;
				IPHONEOS_DEPLOYMENT_TARGET = 14.5;
				LD_RUNPATH_SEARCH_PATHS = (
					"$(inherited)",
					"@executable_path/Frameworks",
					"@loader_path/Frameworks",
				);
				PRODUCT_BUNDLE_IDENTIFIER = mashanli.SimpleCameraTests;
				PRODUCT_NAME = "$(TARGET_NAME)";
				TARGETED_DEVICE_FAMILY = "1,2";
				TEST_HOST = "$(BUILT_PRODUCTS_DIR)/SimpleCamera.app/SimpleCamera";
			};
			name = Release;
		};
		19A3BA84278710840027386F /* Debug */ = {
			isa = XCBuildConfiguration;
			buildSettings = {
				CODE_SIGN_STYLE = Automatic;
				DEVELOPMENT_TEAM = DNPL4Q6NR9;
				INFOPLIST_FILE = SimpleCameraUITests/Info.plist;
				LD_RUNPATH_SEARCH_PATHS = (
					"$(inherited)",
					"@executable_path/Frameworks",
					"@loader_path/Frameworks",
				);
				PRODUCT_BUNDLE_IDENTIFIER = mashanli.SimpleCameraUITests;
				PRODUCT_NAME = "$(TARGET_NAME)";
				TARGETED_DEVICE_FAMILY = "1,2";
				TEST_TARGET_NAME = SimpleCamera;
			};
			name = Debug;
		};
		19A3BA85278710840027386F /* Release */ = {
			isa = XCBuildConfiguration;
			buildSettings = {
				CODE_SIGN_STYLE = Automatic;
				DEVELOPMENT_TEAM = DNPL4Q6NR9;
				INFOPLIST_FILE = SimpleCameraUITests/Info.plist;
				LD_RUNPATH_SEARCH_PATHS = (
					"$(inherited)",
					"@executable_path/Frameworks",
					"@loader_path/Frameworks",
				);
				PRODUCT_BUNDLE_IDENTIFIER = mashanli.SimpleCameraUITests;
				PRODUCT_NAME = "$(TARGET_NAME)";
				TARGETED_DEVICE_FAMILY = "1,2";
				TEST_TARGET_NAME = SimpleCamera;
			};
			name = Release;
		};
/* End XCBuildConfiguration section */

/* Begin XCConfigurationList section */
		19A3BA49278710820027386F /* Build configuration list for PBXProject "SimpleCamera" */ = {
			isa = XCConfigurationList;
			buildConfigurations = (
				19A3BA7B278710840027386F /* Debug */,
				19A3BA7C278710840027386F /* Release */,
			);
			defaultConfigurationIsVisible = 0;
			defaultConfigurationName = Release;
		};
		19A3BA7D278710840027386F /* Build configuration list for PBXNativeTarget "SimpleCamera" */ = {
			isa = XCConfigurationList;
			buildConfigurations = (
				19A3BA7E278710840027386F /* Debug */,
				19A3BA7F278710840027386F /* Release */,
			);
			defaultConfigurationIsVisible = 0;
			defaultConfigurationName = Release;
		};
		19A3BA80278710840027386F /* Build configuration list for PBXNativeTarget "SimpleCameraTests" */ = {
			isa = XCConfigurationList;
			buildConfigurations = (
				19A3BA81278710840027386F /* Debug */,
				19A3BA82278710840027386F /* Release */,
			);
			defaultConfigurationIsVisible = 0;
			defaultConfigurationName = Release;
		};
		19A3BA83278710840027386F /* Build configuration list for PBXNativeTarget "SimpleCameraUITests" */ = {
			isa = XCConfigurationList;
			buildConfigurations = (
				19A3BA84278710840027386F /* Debug */,
				19A3BA85278710840027386F /* Release */,
			);
			defaultConfigurationIsVisible = 0;
			defaultConfigurationName = Release;
		};
/* End XCConfigurationList section */
	};
	rootObject = 19A3BA46278710820027386F /* Project object */;
}
